
Microsoft Visual Studio Solution File, Format Version 12.00
# Visual Studio Version 17
VisualStudioVersion = 17.3.32623.166
MinimumVisualStudioVersion = 10.0.40219.1
Project("{9A19103F-16F7-4668-BE54-9A1E7A4F7556}") = "WeatherTwentyTwo.Core", "WeatherTwentyTwo.Core\WeatherTwentyTwo.Core.csproj", "{3577B7C4-0FC4-4E13-965D-EF51BBCD5051}"
EndProject
Project("{9A19103F-16F7-4668-BE54-9A1E7A4F7556}") = "WeatherTwentyTwo.Core.Tests", "WeatherTwentyTwo.Core.Tests\WeatherTwentyTwo.Core.Tests.csproj", "{FA486B2F-C433-4A65-A301-8917699CFA7F}"
EndProject
Project("{2150E333-8FDC-42A3-9474-1A3956D46DE8}") = "Tests", "Tests", "{3610AEDC-9814-4884-AA78-637CC6D67730}"
EndProject
Project("{9A19103F-16F7-4668-BE54-9A1E7A4F7556}") = "WeatherTwentyTwo", "WeatherTwentyTwo\WeatherTwentyTwo.csproj", "{C7376C6D-2E93-4C39-8BAD-26B1E6C7C915}"
EndProject
Global
	GlobalSection(SolutionConfigurationPlatforms) = preSolution
		Debug|Any CPU = Debug|Any CPU
		Release|Any CPU = Release|Any CPU
	EndGlobalSection
	GlobalSection(ProjectConfigurationPlatforms) = postSolution
		{3577B7C4-0FC4-4E13-965D-EF51BBCD5051}.Debug|Any CPU.ActiveCfg = Debug|Any CPU
		{3577B7C4-0FC4-4E13-965D-EF51BBCD5051}.Debug|Any CPU.Build.0 = Debug|Any CPU
		{3577B7C4-0FC4-4E13-965D-EF51BBCD5051}.Release|Any CPU.ActiveCfg = Release|Any CPU
		{3577B7C4-0FC4-4E13-965D-EF51BBCD5051}.Release|Any CPU.Build.0 = Release|Any CPU
		{FA486B2F-C433-4A65-A301-8917699CFA7F}.Debug|Any CPU.ActiveCfg = Debug|Any CPU
		{FA486B2F-C433-4A65-A301-8917699CFA7F}.Debug|Any CPU.Build.0 = Debug|Any CPU
		{FA486B2F-C433-4A65-A301-8917699CFA7F}.Release|Any CPU.ActiveCfg = Release|Any CPU
		{FA486B2F-C433-4A65-A301-8917699CFA7F}.Release|Any CPU.Build.0 = Release|Any CPU
		{C7376C6D-2E93-4C39-8BAD-26B1E6C7C915}.Debug|Any CPU.ActiveCfg = Debug|Any CPU
		{C7376C6D-2E93-4C39-8BAD-26B1E6C7C915}.Debug|Any CPU.Build.0 = Debug|Any CPU
		{C7376C6D-2E93-4C39-8BAD-26B1E6C7C915}.Debug|Any CPU.Deploy.0 = Debug|Any CPU
		{C7376C6D-2E93-4C39-8BAD-26B1E6C7C915}.Release|Any CPU.ActiveCfg = Release|Any CPU
		{C7376C6D-2E93-4C39-8BAD-26B1E6C7C915}.Release|Any CPU.Build.0 = Release|Any CPU
		{C7376C6D-2E93-4C39-8BAD-26B1E6C7C915}.Release|Any CPU.Deploy.0 = Release|Any CPU
	EndGlobalSection
	GlobalSection(SolutionProperties) = preSolution
		HideSolutionNode = FALSE
	EndGlobalSection
	GlobalSection(NestedProjects) = preSolution
		{FA486B2F-C433-4A65-A301-8917699CFA7F} = {3610AEDC-9814-4884-AA78-637CC6D67730}
	EndGlobalSection
	GlobalSection(ExtensibilityGlobals) = postSolution
		SolutionGuid = {A8F0D685-22DB-4CE3-BA8B-F54D22D103DD}
	EndGlobalSection
EndGlobal
